
Microsoft Visual Studio Solution File, Format Version 12.00
Project("{FAE04EC0-301F-11D3-BF4B-00C04F79EFBC}") = "MiniKata5", "MiniKata5\MiniKata5.csproj", "{3EC3EC90-31DD-4115-AC8A-8B209A1B08C8}"
EndProject
Project("{FAE04EC0-301F-11D3-BF4B-00C04F79EFBC}") = "Kata5", "Kata5\Kata5.csproj", "{441D77A1-FD12-4BDC-954B-9356629833E1}"
EndProject
Project("{FAE04EC0-301F-11D3-BF4B-00C04F79EFBC}") = "MiniKata6", "MiniKata6\MiniKata6.csproj", "{947007E5-AA7D-4A7E-964C-58A1CB5F8359}"
EndProject
Project("{FAE04EC0-301F-11D3-BF4B-00C04F79EFBC}") = "Kata6", "Kata6\Kata6.csproj", "{D4239A88-5500-4D65-8C2C-9759F48F5F85}"
EndProject
Project("{FAE04EC0-301F-11D3-BF4B-00C04F79EFBC}") = "MiniKata7", "MiniKata7\MiniKata7.csproj", "{FD21F9F5-9EEA-4CA4-853D-67D0605A615D}"
EndProject
Project("{FAE04EC0-301F-11D3-BF4B-00C04F79EFBC}") = "Kata7", "Kata7\Kata7.csproj", "{FAC9623D-E822-4A2B-BE5F-ABE7E3BAE41D}"
EndProject
Project("{FAE04EC0-301F-11D3-BF4B-00C04F79EFBC}") = "Kata8", "Kata8\Kata8.csproj", "{8614669D-E17F-4488-AE07-014D17D6E94A}"
EndProject
Project("{FAE04EC0-301F-11D3-BF4B-00C04F79EFBC}") = "Kata9", "Kata9\Kata9.csproj", "{EECD8B46-7E41-4A57-A26D-708D94228782}"
EndProject
Project("{FAE04EC0-301F-11D3-BF4B-00C04F79EFBC}") = "Kata10", "Kata10\Kata10.csproj", "{586BAD0A-24F8-42F3-9DCB-BEBFFD9A2AE9}"
EndProject
Global
	GlobalSection(SolutionConfigurationPlatforms) = preSolution
		Debug|Any CPU = Debug|Any CPU
		Release|Any CPU = Release|Any CPU
	EndGlobalSection
	GlobalSection(ProjectConfigurationPlatforms) = postSolution
		{3EC3EC90-31DD-4115-AC8A-8B209A1B08C8}.Debug|Any CPU.ActiveCfg = Debug|Any CPU
		{3EC3EC90-31DD-4115-AC8A-8B209A1B08C8}.Debug|Any CPU.Build.0 = Debug|Any CPU
		{3EC3EC90-31DD-4115-AC8A-8B209A1B08C8}.Release|Any CPU.ActiveCfg = Release|Any CPU
		{3EC3EC90-31DD-4115-AC8A-8B209A1B08C8}.Release|Any CPU.Build.0 = Release|Any CPU
		{441D77A1-FD12-4BDC-954B-9356629833E1}.Debug|Any CPU.ActiveCfg = Debug|Any CPU
		{441D77A1-FD12-4BDC-954B-9356629833E1}.Debug|Any CPU.Build.0 = Debug|Any CPU
		{441D77A1-FD12-4BDC-954B-9356629833E1}.Release|Any CPU.ActiveCfg = Release|Any CPU
		{441D77A1-FD12-4BDC-954B-9356629833E1}.Release|Any CPU.Build.0 = Release|Any CPU
		{947007E5-AA7D-4A7E-964C-58A1CB5F8359}.Debug|Any CPU.ActiveCfg = Debug|Any CPU
		{947007E5-AA7D-4A7E-964C-58A1CB5F8359}.Debug|Any CPU.Build.0 = Debug|Any CPU
		{947007E5-AA7D-4A7E-964C-58A1CB5F8359}.Release|Any CPU.ActiveCfg = Release|Any CPU
		{947007E5-AA7D-4A7E-964C-58A1CB5F8359}.Release|Any CPU.Build.0 = Release|Any CPU
		{D4239A88-5500-4D65-8C2C-9759F48F5F85}.Debug|Any CPU.ActiveCfg = Debug|Any CPU
		{D4239A88-5500-4D65-8C2C-9759F48F5F85}.Debug|Any CPU.Build.0 = Debug|Any CPU
		{D4239A88-5500-4D65-8C2C-9759F48F5F85}.Release|Any CPU.ActiveCfg = Release|Any CPU
		{D4239A88-5500-4D65-8C2C-9759F48F5F85}.Release|Any CPU.Build.0 = Release|Any CPU
		{FD21F9F5-9EEA-4CA4-853D-67D0605A615D}.Debug|Any CPU.ActiveCfg = Debug|Any CPU
		{FD21F9F5-9EEA-4CA4-853D-67D0605A615D}.Debug|Any CPU.Build.0 = Debug|Any CPU
		{FD21F9F5-9EEA-4CA4-853D-67D0605A615D}.Release|Any CPU.ActiveCfg = Release|Any CPU
		{FD21F9F5-9EEA-4CA4-853D-67D0605A615D}.Release|Any CPU.Build.0 = Release|Any CPU
		{FAC9623D-E822-4A2B-BE5F-ABE7E3BAE41D}.Debug|Any CPU.ActiveCfg = Debug|Any CPU
		{FAC9623D-E822-4A2B-BE5F-ABE7E3BAE41D}.Debug|Any CPU.Build.0 = Debug|Any CPU
		{FAC9623D-E822-4A2B-BE5F-ABE7E3BAE41D}.Release|Any CPU.ActiveCfg = Release|Any CPU
		{FAC9623D-E822-4A2B-BE5F-ABE7E3BAE41D}.Release|Any CPU.Build.0 = Release|Any CPU
		{8614669D-E17F-4488-AE07-014D17D6E94A}.Debug|Any CPU.ActiveCfg = Debug|Any CPU
		{8614669D-E17F-4488-AE07-014D17D6E94A}.Debug|Any CPU.Build.0 = Debug|Any CPU
		{8614669D-E17F-4488-AE07-014D17D6E94A}.Release|Any CPU.ActiveCfg = Release|Any CPU
		{8614669D-E17F-4488-AE07-014D17D6E94A}.Release|Any CPU.Build.0 = Release|Any CPU
		{EECD8B46-7E41-4A57-A26D-708D94228782}.Debug|Any CPU.ActiveCfg = Debug|Any CPU
		{EECD8B46-7E41-4A57-A26D-708D94228782}.Debug|Any CPU.Build.0 = Debug|Any CPU
		{EECD8B46-7E41-4A57-A26D-708D94228782}.Release|Any CPU.ActiveCfg = Release|Any CPU
		{EECD8B46-7E41-4A57-A26D-708D94228782}.Release|Any CPU.Build.0 = Release|Any CPU
		{586BAD0A-24F8-42F3-9DCB-BEBFFD9A2AE9}.Debug|Any CPU.ActiveCfg = Debug|Any CPU
		{586BAD0A-24F8-42F3-9DCB-BEBFFD9A2AE9}.Debug|Any CPU.Build.0 = Debug|Any CPU
		{586BAD0A-24F8-42F3-9DCB-BEBFFD9A2AE9}.Release|Any CPU.ActiveCfg = Release|Any CPU
		{586BAD0A-24F8-42F3-9DCB-BEBFFD9A2AE9}.Release|Any CPU.Build.0 = Release|Any CPU
	EndGlobalSection
EndGlobal
