
Microsoft Visual Studio Solution File, Format Version 12.00
Project("{FAE04EC0-301F-11D3-BF4B-00C04F79EFBC}") = "Kata1", "Kata1\Kata1.csproj", "{6E81B4C4-86E1-47E1-B817-6583CEF2A92D}"
EndProject
Project("{FAE04EC0-301F-11D3-BF4B-00C04F79EFBC}") = "Kata2", "Kata2\Kata2.csproj", "{B8A926D4-14C3-4C30-AF03-CE13DA3DAC8D}"
EndProject
Project("{FAE04EC0-301F-11D3-BF4B-00C04F79EFBC}") = "Kata3", "Kata3\Kata3.csproj", "{CD96E2E8-CB8C-4AEA-BBD2-AC9D4D7AF3FE}"
EndProject
Project("{FAE04EC0-301F-11D3-BF4B-00C04F79EFBC}") = "Kata4", "Kata4\Kata4.csproj", "{70FACC7C-7828-4748-90A5-67AE05E21830}"
EndProject
Project("{FAE04EC0-301F-11D3-BF4B-00C04F79EFBC}") = "MiniKata1", "MiniKata1\MiniKata1.csproj", "{CE38E95A-E20D-48B5-940E-DFC5C803D521}"
EndProject
Project("{FAE04EC0-301F-11D3-BF4B-00C04F79EFBC}") = "MiniKata2", "MiniKata2\MiniKata2.csproj", "{C90E0F59-0D90-4EC1-823E-D5875BA8C34F}"
EndProject
Global
	GlobalSection(SolutionConfigurationPlatforms) = preSolution
		Debug|Any CPU = Debug|Any CPU
		Release|Any CPU = Release|Any CPU
	EndGlobalSection
	GlobalSection(ProjectConfigurationPlatforms) = postSolution
		{6E81B4C4-86E1-47E1-B817-6583CEF2A92D}.Debug|Any CPU.ActiveCfg = Debug|Any CPU
		{6E81B4C4-86E1-47E1-B817-6583CEF2A92D}.Debug|Any CPU.Build.0 = Debug|Any CPU
		{6E81B4C4-86E1-47E1-B817-6583CEF2A92D}.Release|Any CPU.ActiveCfg = Release|Any CPU
		{6E81B4C4-86E1-47E1-B817-6583CEF2A92D}.Release|Any CPU.Build.0 = Release|Any CPU
		{B8A926D4-14C3-4C30-AF03-CE13DA3DAC8D}.Debug|Any CPU.ActiveCfg = Debug|Any CPU
		{B8A926D4-14C3-4C30-AF03-CE13DA3DAC8D}.Debug|Any CPU.Build.0 = Debug|Any CPU
		{B8A926D4-14C3-4C30-AF03-CE13DA3DAC8D}.Release|Any CPU.ActiveCfg = Release|Any CPU
		{B8A926D4-14C3-4C30-AF03-CE13DA3DAC8D}.Release|Any CPU.Build.0 = Release|Any CPU
		{CD96E2E8-CB8C-4AEA-BBD2-AC9D4D7AF3FE}.Debug|Any CPU.ActiveCfg = Debug|Any CPU
		{CD96E2E8-CB8C-4AEA-BBD2-AC9D4D7AF3FE}.Debug|Any CPU.Build.0 = Debug|Any CPU
		{CD96E2E8-CB8C-4AEA-BBD2-AC9D4D7AF3FE}.Release|Any CPU.ActiveCfg = Release|Any CPU
		{CD96E2E8-CB8C-4AEA-BBD2-AC9D4D7AF3FE}.Release|Any CPU.Build.0 = Release|Any CPU
		{70FACC7C-7828-4748-90A5-67AE05E21830}.Debug|Any CPU.ActiveCfg = Debug|Any CPU
		{70FACC7C-7828-4748-90A5-67AE05E21830}.Debug|Any CPU.Build.0 = Debug|Any CPU
		{70FACC7C-7828-4748-90A5-67AE05E21830}.Release|Any CPU.ActiveCfg = Release|Any CPU
		{70FACC7C-7828-4748-90A5-67AE05E21830}.Release|Any CPU.Build.0 = Release|Any CPU
		{CE38E95A-E20D-48B5-940E-DFC5C803D521}.Debug|Any CPU.ActiveCfg = Debug|Any CPU
		{CE38E95A-E20D-48B5-940E-DFC5C803D521}.Debug|Any CPU.Build.0 = Debug|Any CPU
		{CE38E95A-E20D-48B5-940E-DFC5C803D521}.Release|Any CPU.ActiveCfg = Release|Any CPU
		{CE38E95A-E20D-48B5-940E-DFC5C803D521}.Release|Any CPU.Build.0 = Release|Any CPU
		{C90E0F59-0D90-4EC1-823E-D5875BA8C34F}.Debug|Any CPU.ActiveCfg = Debug|Any CPU
		{C90E0F59-0D90-4EC1-823E-D5875BA8C34F}.Debug|Any CPU.Build.0 = Debug|Any CPU
		{C90E0F59-0D90-4EC1-823E-D5875BA8C34F}.Release|Any CPU.ActiveCfg = Release|Any CPU
		{C90E0F59-0D90-4EC1-823E-D5875BA8C34F}.Release|Any CPU.Build.0 = Release|Any CPU
	EndGlobalSection
EndGlobal
